
Microsoft Visual Studio Solution File, Format Version 12.00
# Visual Studio Version 17
VisualStudioVersion = 17.9.34701.34
MinimumVisualStudioVersion = 10.0.40219.1
Project("{9A19103F-16F7-4668-BE54-9A1E7A4F7556}") = "Program", "Program\Program.csproj", "{2FABD3DC-882F-4A72-8AA5-A4629DA48556}"
EndProject
Project("{9A19103F-16F7-4668-BE54-9A1E7A4F7556}") = "ShoppingCartApp", "ShoppingCartApp\ShoppingCartApp.csproj", "{9E47A950-5910-47F1-84F5-448256BCE74A}"
EndProject
Global
	GlobalSection(SolutionConfigurationPlatforms) = preSolution
		Debug|Any CPU = Debug|Any CPU
		Release|Any CPU = Release|Any CPU
	EndGlobalSection
	GlobalSection(ProjectConfigurationPlatforms) = postSolution
		{2FABD3DC-882F-4A72-8AA5-A4629DA48556}.Debug|Any CPU.ActiveCfg = Debug|Any CPU
		{2FABD3DC-882F-4A72-8AA5-A4629DA48556}.Debug|Any CPU.Build.0 = Debug|Any CPU
		{2FABD3DC-882F-4A72-8AA5-A4629DA48556}.Release|Any CPU.ActiveCfg = Release|Any CPU
		{2FABD3DC-882F-4A72-8AA5-A4629DA48556}.Release|Any CPU.Build.0 = Release|Any CPU
		{9E47A950-5910-47F1-84F5-448256BCE74A}.Debug|Any CPU.ActiveCfg = Debug|Any CPU
		{9E47A950-5910-47F1-84F5-448256BCE74A}.Debug|Any CPU.Build.0 = Debug|Any CPU
		{9E47A950-5910-47F1-84F5-448256BCE74A}.Release|Any CPU.ActiveCfg = Release|Any CPU
		{9E47A950-5910-47F1-84F5-448256BCE74A}.Release|Any CPU.Build.0 = Release|Any CPU
	EndGlobalSection
	GlobalSection(SolutionProperties) = preSolution
		HideSolutionNode = FALSE
	EndGlobalSection
	GlobalSection(ExtensibilityGlobals) = postSolution
		SolutionGuid = {E15ACDE6-1A7E-4F98-9C6C-2E527709B3B1}
	EndGlobalSection
EndGlobal
